
Microsoft Visual Studio Solution File, Format Version 12.00
# Visual Studio Version 16
VisualStudioVersion = 16.0.29230.47
MinimumVisualStudioVersion = 10.0.40219.1
Project("{FAE04EC0-301F-11D3-BF4B-00C04F79EFBC}") = "XamarinAssignment01.UWP", "XamarinAssignment01\XamarinAssignment01.UWP\XamarinAssignment01.UWP.csproj", "{D2F200EC-2EEF-4782-B2BF-C3BF25FA9F5F}"
EndProject
Project("{FAE04EC0-301F-11D3-BF4B-00C04F79EFBC}") = "XamarinAssignment01.Android", "XamarinAssignment01\XamarinAssignment01.Android\XamarinAssignment01.Android.csproj", "{37451F5F-57B3-43A0-91EE-9A8E138E0005}"
EndProject
Project("{FAE04EC0-301F-11D3-BF4B-00C04F79EFBC}") = "XamarinAssignment01.iOS", "XamarinAssignment01\XamarinAssignment01.iOS\XamarinAssignment01.iOS.csproj", "{020B4DAE-47B3-4CD9-8D74-9550DC91601C}"
EndProject
Project("{FAE04EC0-301F-11D3-BF4B-00C04F79EFBC}") = "XamarinAssignment01", "XamarinAssignment01\XamarinAssignment01\XamarinAssignment01.csproj", "{FAF1DD9F-3708-46AD-A2FE-FC274984083F}"
EndProject
Global
	GlobalSection(SolutionConfigurationPlatforms) = preSolution
		Debug|Any CPU = Debug|Any CPU
		Debug|ARM = Debug|ARM
		Debug|iPhone = Debug|iPhone
		Debug|iPhoneSimulator = Debug|iPhoneSimulator
		Debug|x64 = Debug|x64
		Debug|x86 = Debug|x86
		Release|Any CPU = Release|Any CPU
		Release|ARM = Release|ARM
		Release|iPhone = Release|iPhone
		Release|iPhoneSimulator = Release|iPhoneSimulator
		Release|x64 = Release|x64
		Release|x86 = Release|x86
	EndGlobalSection
	GlobalSection(ProjectConfigurationPlatforms) = postSolution
		{D2F200EC-2EEF-4782-B2BF-C3BF25FA9F5F}.Debug|Any CPU.ActiveCfg = Debug|x86
		{D2F200EC-2EEF-4782-B2BF-C3BF25FA9F5F}.Debug|Any CPU.Build.0 = Debug|x86
		{D2F200EC-2EEF-4782-B2BF-C3BF25FA9F5F}.Debug|Any CPU.Deploy.0 = Debug|x86
		{D2F200EC-2EEF-4782-B2BF-C3BF25FA9F5F}.Debug|ARM.ActiveCfg = Debug|ARM
		{D2F200EC-2EEF-4782-B2BF-C3BF25FA9F5F}.Debug|ARM.Build.0 = Debug|ARM
		{D2F200EC-2EEF-4782-B2BF-C3BF25FA9F5F}.Debug|ARM.Deploy.0 = Debug|ARM
		{D2F200EC-2EEF-4782-B2BF-C3BF25FA9F5F}.Debug|iPhone.ActiveCfg = Debug|x86
		{D2F200EC-2EEF-4782-B2BF-C3BF25FA9F5F}.Debug|iPhone.Build.0 = Debug|x86
		{D2F200EC-2EEF-4782-B2BF-C3BF25FA9F5F}.Debug|iPhone.Deploy.0 = Debug|x86
		{D2F200EC-2EEF-4782-B2BF-C3BF25FA9F5F}.Debug|iPhoneSimulator.ActiveCfg = Debug|x86
		{D2F200EC-2EEF-4782-B2BF-C3BF25FA9F5F}.Debug|iPhoneSimulator.Build.0 = Debug|x86
		{D2F200EC-2EEF-4782-B2BF-C3BF25FA9F5F}.Debug|iPhoneSimulator.Deploy.0 = Debug|x86
		{D2F200EC-2EEF-4782-B2BF-C3BF25FA9F5F}.Debug|x64.ActiveCfg = Debug|x64
		{D2F200EC-2EEF-4782-B2BF-C3BF25FA9F5F}.Debug|x64.Build.0 = Debug|x64
		{D2F200EC-2EEF-4782-B2BF-C3BF25FA9F5F}.Debug|x64.Deploy.0 = Debug|x64
		{D2F200EC-2EEF-4782-B2BF-C3BF25FA9F5F}.Debug|x86.ActiveCfg = Debug|x86
		{D2F200EC-2EEF-4782-B2BF-C3BF25FA9F5F}.Debug|x86.Build.0 = Debug|x86
		{D2F200EC-2EEF-4782-B2BF-C3BF25FA9F5F}.Debug|x86.Deploy.0 = Debug|x86
		{D2F200EC-2EEF-4782-B2BF-C3BF25FA9F5F}.Release|Any CPU.ActiveCfg = Release|x86
		{D2F200EC-2EEF-4782-B2BF-C3BF25FA9F5F}.Release|Any CPU.Build.0 = Release|x86
		{D2F200EC-2EEF-4782-B2BF-C3BF25FA9F5F}.Release|Any CPU.Deploy.0 = Release|x86
		{D2F200EC-2EEF-4782-B2BF-C3BF25FA9F5F}.Release|ARM.ActiveCfg = Release|ARM
		{D2F200EC-2EEF-4782-B2BF-C3BF25FA9F5F}.Release|ARM.Build.0 = Release|ARM
		{D2F200EC-2EEF-4782-B2BF-C3BF25FA9F5F}.Release|ARM.Deploy.0 = Release|ARM
		{D2F200EC-2EEF-4782-B2BF-C3BF25FA9F5F}.Release|iPhone.ActiveCfg = Release|x86
		{D2F200EC-2EEF-4782-B2BF-C3BF25FA9F5F}.Release|iPhone.Build.0 = Release|x86
		{D2F200EC-2EEF-4782-B2BF-C3BF25FA9F5F}.Release|iPhone.Deploy.0 = Release|x86
		{D2F200EC-2EEF-4782-B2BF-C3BF25FA9F5F}.Release|iPhoneSimulator.ActiveCfg = Release|x86
		{D2F200EC-2EEF-4782-B2BF-C3BF25FA9F5F}.Release|iPhoneSimulator.Build.0 = Release|x86
		{D2F200EC-2EEF-4782-B2BF-C3BF25FA9F5F}.Release|iPhoneSimulator.Deploy.0 = Release|x86
		{D2F200EC-2EEF-4782-B2BF-C3BF25FA9F5F}.Release|x64.ActiveCfg = Release|x64
		{D2F200EC-2EEF-4782-B2BF-C3BF25FA9F5F}.Release|x64.Build.0 = Release|x64
		{D2F200EC-2EEF-4782-B2BF-C3BF25FA9F5F}.Release|x64.Deploy.0 = Release|x64
		{D2F200EC-2EEF-4782-B2BF-C3BF25FA9F5F}.Release|x86.ActiveCfg = Release|x86
		{D2F200EC-2EEF-4782-B2BF-C3BF25FA9F5F}.Release|x86.Build.0 = Release|x86
		{D2F200EC-2EEF-4782-B2BF-C3BF25FA9F5F}.Release|x86.Deploy.0 = Release|x86
		{37451F5F-57B3-43A0-91EE-9A8E138E0005}.Debug|Any CPU.ActiveCfg = Debug|Any CPU
		{37451F5F-57B3-43A0-91EE-9A8E138E0005}.Debug|Any CPU.Build.0 = Debug|Any CPU
		{37451F5F-57B3-43A0-91EE-9A8E138E0005}.Debug|Any CPU.Deploy.0 = Debug|Any CPU
		{37451F5F-57B3-43A0-91EE-9A8E138E0005}.Debug|ARM.ActiveCfg = Debug|Any CPU
		{37451F5F-57B3-43A0-91EE-9A8E138E0005}.Debug|ARM.Build.0 = Debug|Any CPU
		{37451F5F-57B3-43A0-91EE-9A8E138E0005}.Debug|ARM.Deploy.0 = Debug|Any CPU
		{37451F5F-57B3-43A0-91EE-9A8E138E0005}.Debug|iPhone.ActiveCfg = Debug|Any CPU
		{37451F5F-57B3-43A0-91EE-9A8E138E0005}.Debug|iPhone.Build.0 = Debug|Any CPU
		{37451F5F-57B3-43A0-91EE-9A8E138E0005}.Debug|iPhone.Deploy.0 = Debug|Any CPU
		{37451F5F-57B3-43A0-91EE-9A8E138E0005}.Debug|iPhoneSimulator.ActiveCfg = Debug|Any CPU
		{37451F5F-57B3-43A0-91EE-9A8E138E0005}.Debug|iPhoneSimulator.Build.0 = Debug|Any CPU
		{37451F5F-57B3-43A0-91EE-9A8E138E0005}.Debug|iPhoneSimulator.Deploy.0 = Debug|Any CPU
		{37451F5F-57B3-43A0-91EE-9A8E138E0005}.Debug|x64.ActiveCfg = Debug|Any CPU
		{37451F5F-57B3-43A0-91EE-9A8E138E0005}.Debug|x64.Build.0 = Debug|Any CPU
		{37451F5F-57B3-43A0-91EE-9A8E138E0005}.Debug|x64.Deploy.0 = Debug|Any CPU
		{37451F5F-57B3-43A0-91EE-9A8E138E0005}.Debug|x86.ActiveCfg = Debug|Any CPU
		{37451F5F-57B3-43A0-91EE-9A8E138E0005}.Debug|x86.Build.0 = Debug|Any CPU
		{37451F5F-57B3-43A0-91EE-9A8E138E0005}.Debug|x86.Deploy.0 = Debug|Any CPU
		{37451F5F-57B3-43A0-91EE-9A8E138E0005}.Release|Any CPU.ActiveCfg = Release|Any CPU
		{37451F5F-57B3-43A0-91EE-9A8E138E0005}.Release|Any CPU.Build.0 = Release|Any CPU
		{37451F5F-57B3-43A0-91EE-9A8E138E0005}.Release|Any CPU.Deploy.0 = Release|Any CPU
		{37451F5F-57B3-43A0-91EE-9A8E138E0005}.Release|ARM.ActiveCfg = Release|Any CPU
		{37451F5F-57B3-43A0-91EE-9A8E138E0005}.Release|ARM.Build.0 = Release|Any CPU
		{37451F5F-57B3-43A0-91EE-9A8E138E0005}.Release|ARM.Deploy.0 = Release|Any CPU
		{37451F5F-57B3-43A0-91EE-9A8E138E0005}.Release|iPhone.ActiveCfg = Release|Any CPU
		{37451F5F-57B3-43A0-91EE-9A8E138E0005}.Release|iPhone.Build.0 = Release|Any CPU
		{37451F5F-57B3-43A0-91EE-9A8E138E0005}.Release|iPhone.Deploy.0 = Release|Any CPU
		{37451F5F-57B3-43A0-91EE-9A8E138E0005}.Release|iPhoneSimulator.ActiveCfg = Release|Any CPU
		{37451F5F-57B3-43A0-91EE-9A8E138E0005}.Release|iPhoneSimulator.Build.0 = Release|Any CPU
		{37451F5F-57B3-43A0-91EE-9A8E138E0005}.Release|iPhoneSimulator.Deploy.0 = Release|Any CPU
		{37451F5F-57B3-43A0-91EE-9A8E138E0005}.Release|x64.ActiveCfg = Release|Any CPU
		{37451F5F-57B3-43A0-91EE-9A8E138E0005}.Release|x64.Build.0 = Release|Any CPU
		{37451F5F-57B3-43A0-91EE-9A8E138E0005}.Release|x64.Deploy.0 = Release|Any CPU
		{37451F5F-57B3-43A0-91EE-9A8E138E0005}.Release|x86.ActiveCfg = Release|Any CPU
		{37451F5F-57B3-43A0-91EE-9A8E138E0005}.Release|x86.Build.0 = Release|Any CPU
		{37451F5F-57B3-43A0-91EE-9A8E138E0005}.Release|x86.Deploy.0 = Release|Any CPU
		{020B4DAE-47B3-4CD9-8D74-9550DC91601C}.Debug|Any CPU.ActiveCfg = Debug|iPhone
		{020B4DAE-47B3-4CD9-8D74-9550DC91601C}.Debug|Any CPU.Build.0 = Debug|iPhone
		{020B4DAE-47B3-4CD9-8D74-9550DC91601C}.Debug|Any CPU.Deploy.0 = Debug|iPhone
		{020B4DAE-47B3-4CD9-8D74-9550DC91601C}.Debug|ARM.ActiveCfg = Debug|iPhoneSimulator
		{020B4DAE-47B3-4CD9-8D74-9550DC91601C}.Debug|ARM.Build.0 = Debug|iPhoneSimulator
		{020B4DAE-47B3-4CD9-8D74-9550DC91601C}.Debug|ARM.Deploy.0 = Debug|iPhoneSimulator
		{020B4DAE-47B3-4CD9-8D74-9550DC91601C}.Debug|iPhone.ActiveCfg = Debug|iPhone
		{020B4DAE-47B3-4CD9-8D74-9550DC91601C}.Debug|iPhone.Build.0 = Debug|iPhone
		{020B4DAE-47B3-4CD9-8D74-9550DC91601C}.Debug|iPhone.Deploy.0 = Debug|iPhone
		{020B4DAE-47B3-4CD9-8D74-9550DC91601C}.Debug|iPhoneSimulator.ActiveCfg = Debug|iPhoneSimulator
		{020B4DAE-47B3-4CD9-8D74-9550DC91601C}.Debug|iPhoneSimulator.Build.0 = Debug|iPhoneSimulator
		{020B4DAE-47B3-4CD9-8D74-9550DC91601C}.Debug|iPhoneSimulator.Deploy.0 = Debug|iPhoneSimulator
		{020B4DAE-47B3-4CD9-8D74-9550DC91601C}.Debug|x64.ActiveCfg = Debug|iPhone
		{020B4DAE-47B3-4CD9-8D74-9550DC91601C}.Debug|x64.Build.0 = Debug|iPhone
		{020B4DAE-47B3-4CD9-8D74-9550DC91601C}.Debug|x64.Deploy.0 = Debug|iPhone
		{020B4DAE-47B3-4CD9-8D74-9550DC91601C}.Debug|x86.ActiveCfg = Debug|iPhone
		{020B4DAE-47B3-4CD9-8D74-9550DC91601C}.Debug|x86.Build.0 = Debug|iPhone
		{020B4DAE-47B3-4CD9-8D74-9550DC91601C}.Debug|x86.Deploy.0 = Debug|iPhone
		{020B4DAE-47B3-4CD9-8D74-9550DC91601C}.Release|Any CPU.ActiveCfg = Release|iPhone
		{020B4DAE-47B3-4CD9-8D74-9550DC91601C}.Release|Any CPU.Build.0 = Release|iPhone
		{020B4DAE-47B3-4CD9-8D74-9550DC91601C}.Release|Any CPU.Deploy.0 = Release|iPhone
		{020B4DAE-47B3-4CD9-8D74-9550DC91601C}.Release|ARM.ActiveCfg = Release|iPhone
		{020B4DAE-47B3-4CD9-8D74-9550DC91601C}.Release|ARM.Build.0 = Release|iPhone
		{020B4DAE-47B3-4CD9-8D74-9550DC91601C}.Release|ARM.Deploy.0 = Release|iPhone
		{020B4DAE-47B3-4CD9-8D74-9550DC91601C}.Release|iPhone.ActiveCfg = Release|iPhone
		{020B4DAE-47B3-4CD9-8D74-9550DC91601C}.Release|iPhone.Build.0 = Release|iPhone
		{020B4DAE-47B3-4CD9-8D74-9550DC91601C}.Release|iPhone.Deploy.0 = Release|iPhone
		{020B4DAE-47B3-4CD9-8D74-9550DC91601C}.Release|iPhoneSimulator.ActiveCfg = Release|iPhoneSimulator
		{020B4DAE-47B3-4CD9-8D74-9550DC91601C}.Release|iPhoneSimulator.Build.0 = Release|iPhoneSimulator
		{020B4DAE-47B3-4CD9-8D74-9550DC91601C}.Release|iPhoneSimulator.Deploy.0 = Release|iPhoneSimulator
		{020B4DAE-47B3-4CD9-8D74-9550DC91601C}.Release|x64.ActiveCfg = Release|iPhone
		{020B4DAE-47B3-4CD9-8D74-9550DC91601C}.Release|x64.Build.0 = Release|iPhone
		{020B4DAE-47B3-4CD9-8D74-9550DC91601C}.Release|x64.Deploy.0 = Release|iPhone
		{020B4DAE-47B3-4CD9-8D74-9550DC91601C}.Release|x86.ActiveCfg = Release|iPhone
		{020B4DAE-47B3-4CD9-8D74-9550DC91601C}.Release|x86.Build.0 = Release|iPhone
		{020B4DAE-47B3-4CD9-8D74-9550DC91601C}.Release|x86.Deploy.0 = Release|iPhone
		{FAF1DD9F-3708-46AD-A2FE-FC274984083F}.Debug|Any CPU.ActiveCfg = Debug|Any CPU
		{FAF1DD9F-3708-46AD-A2FE-FC274984083F}.Debug|Any CPU.Build.0 = Debug|Any CPU
		{FAF1DD9F-3708-46AD-A2FE-FC274984083F}.Debug|Any CPU.Deploy.0 = Debug|Any CPU
		{FAF1DD9F-3708-46AD-A2FE-FC274984083F}.Debug|ARM.ActiveCfg = Debug|Any CPU
		{FAF1DD9F-3708-46AD-A2FE-FC274984083F}.Debug|ARM.Build.0 = Debug|Any CPU
		{FAF1DD9F-3708-46AD-A2FE-FC274984083F}.Debug|ARM.Deploy.0 = Debug|Any CPU
		{FAF1DD9F-3708-46AD-A2FE-FC274984083F}.Debug|iPhone.ActiveCfg = Debug|Any CPU
		{FAF1DD9F-3708-46AD-A2FE-FC274984083F}.Debug|iPhone.Build.0 = Debug|Any CPU
		{FAF1DD9F-3708-46AD-A2FE-FC274984083F}.Debug|iPhone.Deploy.0 = Debug|Any CPU
		{FAF1DD9F-3708-46AD-A2FE-FC274984083F}.Debug|iPhoneSimulator.ActiveCfg = Debug|Any CPU
		{FAF1DD9F-3708-46AD-A2FE-FC274984083F}.Debug|iPhoneSimulator.Build.0 = Debug|Any CPU
		{FAF1DD9F-3708-46AD-A2FE-FC274984083F}.Debug|iPhoneSimulator.Deploy.0 = Debug|Any CPU
		{FAF1DD9F-3708-46AD-A2FE-FC274984083F}.Debug|x64.ActiveCfg = Debug|Any CPU
		{FAF1DD9F-3708-46AD-A2FE-FC274984083F}.Debug|x64.Build.0 = Debug|Any CPU
		{FAF1DD9F-3708-46AD-A2FE-FC274984083F}.Debug|x64.Deploy.0 = Debug|Any CPU
		{FAF1DD9F-3708-46AD-A2FE-FC274984083F}.Debug|x86.ActiveCfg = Debug|Any CPU
		{FAF1DD9F-3708-46AD-A2FE-FC274984083F}.Debug|x86.Build.0 = Debug|Any CPU
		{FAF1DD9F-3708-46AD-A2FE-FC274984083F}.Debug|x86.Deploy.0 = Debug|Any CPU
		{FAF1DD9F-3708-46AD-A2FE-FC274984083F}.Release|Any CPU.ActiveCfg = Release|Any CPU
		{FAF1DD9F-3708-46AD-A2FE-FC274984083F}.Release|Any CPU.Build.0 = Release|Any CPU
		{FAF1DD9F-3708-46AD-A2FE-FC274984083F}.Release|Any CPU.Deploy.0 = Release|Any CPU
		{FAF1DD9F-3708-46AD-A2FE-FC274984083F}.Release|ARM.ActiveCfg = Release|Any CPU
		{FAF1DD9F-3708-46AD-A2FE-FC274984083F}.Release|ARM.Build.0 = Release|Any CPU
		{FAF1DD9F-3708-46AD-A2FE-FC274984083F}.Release|ARM.Deploy.0 = Release|Any CPU
		{FAF1DD9F-3708-46AD-A2FE-FC274984083F}.Release|iPhone.ActiveCfg = Release|Any CPU
		{FAF1DD9F-3708-46AD-A2FE-FC274984083F}.Release|iPhone.Build.0 = Release|Any CPU
		{FAF1DD9F-3708-46AD-A2FE-FC274984083F}.Release|iPhone.Deploy.0 = Release|Any CPU
		{FAF1DD9F-3708-46AD-A2FE-FC274984083F}.Release|iPhoneSimulator.ActiveCfg = Release|Any CPU
		{FAF1DD9F-3708-46AD-A2FE-FC274984083F}.Release|iPhoneSimulator.Build.0 = Release|Any CPU
		{FAF1DD9F-3708-46AD-A2FE-FC274984083F}.Release|iPhoneSimulator.Deploy.0 = Release|Any CPU
		{FAF1DD9F-3708-46AD-A2FE-FC274984083F}.Release|x64.ActiveCfg = Release|Any CPU
		{FAF1DD9F-3708-46AD-A2FE-FC274984083F}.Release|x64.Build.0 = Release|Any CPU
		{FAF1DD9F-3708-46AD-A2FE-FC274984083F}.Release|x64.Deploy.0 = Release|Any CPU
		{FAF1DD9F-3708-46AD-A2FE-FC274984083F}.Release|x86.ActiveCfg = Release|Any CPU
		{FAF1DD9F-3708-46AD-A2FE-FC274984083F}.Release|x86.Build.0 = Release|Any CPU
		{FAF1DD9F-3708-46AD-A2FE-FC274984083F}.Release|x86.Deploy.0 = Release|Any CPU
	EndGlobalSection
	GlobalSection(SolutionProperties) = preSolution
		HideSolutionNode = FALSE
	EndGlobalSection
	GlobalSection(ExtensibilityGlobals) = postSolution
		SolutionGuid = {3291F1DE-1FFF-4424-BD02-9F556A50C1EB}
	EndGlobalSection
EndGlobal
